
Microsoft Visual Studio Solution File, Format Version 11.00
# Visual Studio 2010
Project("{FAE04EC0-301F-11D3-BF4B-00C04F79EFBC}") = "BlogIT", "BlogIT\BlogIT.csproj", "{294A1F2C-D263-4E59-AC98-C8565B764E5A}"
EndProject
Global
	GlobalSection(SolutionConfigurationPlatforms) = preSolution
		Debug|Any CPU = Debug|Any CPU
		Release|Any CPU = Release|Any CPU
	EndGlobalSection
	GlobalSection(ProjectConfigurationPlatforms) = postSolution
		{294A1F2C-D263-4E59-AC98-C8565B764E5A}.Debug|Any CPU.ActiveCfg = Debug|Any CPU
		{294A1F2C-D263-4E59-AC98-C8565B764E5A}.Debug|Any CPU.Build.0 = Debug|Any CPU
		{294A1F2C-D263-4E59-AC98-C8565B764E5A}.Release|Any CPU.ActiveCfg = Release|Any CPU
		{294A1F2C-D263-4E59-AC98-C8565B764E5A}.Release|Any CPU.Build.0 = Release|Any CPU
	EndGlobalSection
	GlobalSection(SolutionProperties) = preSolution
		HideSolutionNode = FALSE
	EndGlobalSection
	GlobalSection(ExtensibilityGlobals) = postSolution
		EnterpriseLibraryConfigurationToolBinariesPath = packages\Unity.2.1.505.2\lib\NET35
	EndGlobalSection
EndGlobal
